// !$*UTF8*$!
{
	archiveVersion = 1;
	classes = {
	};
	objectVersion = 56;
	objects = {

/* Begin PBXBuildFile section */
		3ABF6EB62C12222A004711CB /* ContentView.swift in Sources */ = {isa = PBXBuildFile; fileRef = 3ABF6EB52C12222A004711CB /* ContentView.swift */; };
		3ABF6EB82C122244004711CB /* AHAPpySampleApp.swift in Sources */ = {isa = PBXBuildFile; fileRef = 3ABF6EB72C122244004711CB /* AHAPpySampleApp.swift */; };
		3AE088972C0A65C0005D8802 /* Assets.xcassets in Resources */ = {isa = PBXBuildFile; fileRef = 3AE088962C0A65C0005D8802 /* Assets.xcassets */; };
		3AE0889A2C0A65C0005D8802 /* Preview Assets.xcassets in Resources */ = {isa = PBXBuildFile; fileRef = 3AE088992C0A65C0005D8802 /* Preview Assets.xcassets */; };
		3AE088AA2C0A65E1005D8802 /* atmosphere-1.ahap in Resources */ = {isa = PBXBuildFile; fileRef = 3AE088A02C0A65DC005D8802 /* atmosphere-1.ahap */; };
		3AE088AB2C0A65E1005D8802 /* atmosphere-1.wav in Resources */ = {isa = PBXBuildFile; fileRef = 3AE088A12C0A65DC005D8802 /* atmosphere-1.wav */; };
		3AE088AE2C0A65E1005D8802 /* Wakeup_combined.ahap in Resources */ = {isa = PBXBuildFile; fileRef = 3AE088A42C0A65DC005D8802 /* Wakeup_combined.ahap */; };
		3AE088AF2C0A65E1005D8802 /* Success1.ahap in Resources */ = {isa = PBXBuildFile; fileRef = 3AE088A52C0A65DD005D8802 /* Success1.ahap */; };
		3AE088B02C0A65E1005D8802 /* musical-tap-3.wav in Resources */ = {isa = PBXBuildFile; fileRef = 3AE088A62C0A65DD005D8802 /* musical-tap-3.wav */; };
		3AE088B12C0A65E1005D8802 /* Wakeup.wav in Resources */ = {isa = PBXBuildFile; fileRef = 3AE088A72C0A65E1005D8802 /* Wakeup.wav */; };
		3AE088B22C0A65E1005D8802 /* Success1.wav in Resources */ = {isa = PBXBuildFile; fileRef = 3AE088A82C0A65E1005D8802 /* Success1.wav */; };
		3AE088B32C0A65E1005D8802 /* musical-tap-3.ahap in Resources */ = {isa = PBXBuildFile; fileRef = 3AE088A92C0A65E1005D8802 /* musical-tap-3.ahap */; };
/* End PBXBuildFile section */

/* Begin PBXFileReference section */
		3ABF6EB52C12222A004711CB /* ContentView.swift */ = {isa = PBXFileReference; lastKnownFileType = sourcecode.swift; path = ContentView.swift; sourceTree = "<group>"; };
		3ABF6EB72C122244004711CB /* AHAPpySampleApp.swift */ = {isa = PBXFileReference; lastKnownFileType = sourcecode.swift; path = AHAPpySampleApp.swift; sourceTree = "<group>"; };
		3AE0888D2C0A65BE005D8802 /* AHAPpySample.app */ = {isa = PBXFileReference; explicitFileType = wrapper.application; includeInIndex = 0; path = AHAPpySample.app; sourceTree = BUILT_PRODUCTS_DIR; };
		3AE088962C0A65C0005D8802 /* Assets.xcassets */ = {isa = PBXFileReference; lastKnownFileType = folder.assetcatalog; path = Assets.xcassets; sourceTree = "<group>"; };
		3AE088992C0A65C0005D8802 /* Preview Assets.xcassets */ = {isa = PBXFileReference; lastKnownFileType = folder.assetcatalog; path = "Preview Assets.xcassets"; sourceTree = "<group>"; };
		3AE088A02C0A65DC005D8802 /* atmosphere-1.ahap */ = {isa = PBXFileReference; fileEncoding = 4; lastKnownFileType = text; path = "atmosphere-1.ahap"; sourceTree = "<group>"; };
		3AE088A12C0A65DC005D8802 /* atmosphere-1.wav */ = {isa = PBXFileReference; lastKnownFileType = audio.wav; path = "atmosphere-1.wav"; sourceTree = "<group>"; };
		3AE088A42C0A65DC005D8802 /* Wakeup_combined.ahap */ = {isa = PBXFileReference; fileEncoding = 4; lastKnownFileType = text; path = Wakeup_combined.ahap; sourceTree = "<group>"; };
		3AE088A52C0A65DD005D8802 /* Success1.ahap */ = {isa = PBXFileReference; fileEncoding = 4; lastKnownFileType = text; path = Success1.ahap; sourceTree = "<group>"; };
		3AE088A62C0A65DD005D8802 /* musical-tap-3.wav */ = {isa = PBXFileReference; lastKnownFileType = audio.wav; path = "musical-tap-3.wav"; sourceTree = "<group>"; };
		3AE088A72C0A65E1005D8802 /* Wakeup.wav */ = {isa = PBXFileReference; lastKnownFileType = audio.wav; path = Wakeup.wav; sourceTree = "<group>"; };
		3AE088A82C0A65E1005D8802 /* Success1.wav */ = {isa = PBXFileReference; lastKnownFileType = audio.wav; path = Success1.wav; sourceTree = "<group>"; };
		3AE088A92C0A65E1005D8802 /* musical-tap-3.ahap */ = {isa = PBXFileReference; fileEncoding = 4; lastKnownFileType = text; path = "musical-tap-3.ahap"; sourceTree = "<group>"; };
/* End PBXFileReference section */

/* Begin PBXFrameworksBuildPhase section */
		3AE0888A2C0A65BE005D8802 /* Frameworks */ = {
			isa = PBXFrameworksBuildPhase;
			buildActionMask = 2147483647;
			files = (
			);
			runOnlyForDeploymentPostprocessing = 0;
		};
/* End PBXFrameworksBuildPhase section */

/* Begin PBXGroup section */
		3AE088842C0A65BE005D8802 = {
			isa = PBXGroup;
			children = (
				3AE0888F2C0A65BE005D8802 /* AHAPpySample */,
				3AE0888E2C0A65BE005D8802 /* Products */,
			);
			sourceTree = "<group>";
		};
		3AE0888E2C0A65BE005D8802 /* Products */ = {
			isa = PBXGroup;
			children = (
				3AE0888D2C0A65BE005D8802 /* AHAPpySample.app */,
			);
			name = Products;
			sourceTree = "<group>";
		};
		3AE0888F2C0A65BE005D8802 /* AHAPpySample */ = {
			isa = PBXGroup;
			children = (
				3AE088A02C0A65DC005D8802 /* atmosphere-1.ahap */,
				3ABF6EB72C122244004711CB /* AHAPpySampleApp.swift */,
				3ABF6EB52C12222A004711CB /* ContentView.swift */,
				3AE088A12C0A65DC005D8802 /* atmosphere-1.wav */,
				3AE088A92C0A65E1005D8802 /* musical-tap-3.ahap */,
				3AE088A62C0A65DD005D8802 /* musical-tap-3.wav */,
				3AE088A52C0A65DD005D8802 /* Success1.ahap */,
				3AE088A82C0A65E1005D8802 /* Success1.wav */,
				3AE088A42C0A65DC005D8802 /* Wakeup_combined.ahap */,
				3AE088A72C0A65E1005D8802 /* Wakeup.wav */,
				3AE088962C0A65C0005D8802 /* Assets.xcassets */,
				3AE088982C0A65C0005D8802 /* Preview Content */,
			);
			path = AHAPpySample;
			sourceTree = "<group>";
		};
		3AE088982C0A65C0005D8802 /* Preview Content */ = {
			isa = PBXGroup;
			children = (
				3AE088992C0A65C0005D8802 /* Preview Assets.xcassets */,
			);
			path = "Preview Content";
			sourceTree = "<group>";
		};
/* End PBXGroup section */

/* Begin PBXNativeTarget section */
		3AE0888C2C0A65BE005D8802 /* AHAPpySample */ = {
			isa = PBXNativeTarget;
			buildConfigurationList = 3AE0889D2C0A65C0005D8802 /* Build configuration list for PBXNativeTarget "AHAPpySample" */;
			buildPhases = (
				3AE088892C0A65BE005D8802 /* Sources */,
				3AE0888A2C0A65BE005D8802 /* Frameworks */,
				3AE0888B2C0A65BE005D8802 /* Resources */,
			);
			buildRules = (
			);
			dependencies = (
			);
			name = AHAPpySample;
			productName = AHAPpySample;
			productReference = 3AE0888D2C0A65BE005D8802 /* AHAPpySample.app */;
			productType = "com.apple.product-type.application";
		};
/* End PBXNativeTarget section */

/* Begin PBXProject section */
		3AE088852C0A65BE005D8802 /* Project object */ = {
			isa = PBXProject;
			attributes = {
				BuildIndependentTargetsInParallel = 1;
				LastSwiftUpdateCheck = 1500;
				LastUpgradeCheck = 1500;
				TargetAttributes = {
					3AE0888C2C0A65BE005D8802 = {
						CreatedOnToolsVersion = 15.0.1;
					};
				};
			};
			buildConfigurationList = 3AE088882C0A65BE005D8802 /* Build configuration list for PBXProject "AHAPpySample" */;
			compatibilityVersion = "Xcode 14.0";
			developmentRegion = en;
			hasScannedForEncodings = 0;
			knownRegions = (
				en,
				Base,
			);
			mainGroup = 3AE088842C0A65BE005D8802;
			productRefGroup = 3AE0888E2C0A65BE005D8802 /* Products */;
			projectDirPath = "";
			projectRoot = "";
			targets = (
				3AE0888C2C0A65BE005D8802 /* AHAPpySample */,
			);
		};
/* End PBXProject section */

/* Begin PBXResourcesBuildPhase section */
		3AE0888B2C0A65BE005D8802 /* Resources */ = {
			isa = PBXResourcesBuildPhase;
			buildActionMask = 2147483647;
			files = (
				3AE088AE2C0A65E1005D8802 /* Wakeup_combined.ahap in Resources */,
				3AE088AF2C0A65E1005D8802 /* Success1.ahap in Resources */,
				3AE0889A2C0A65C0005D8802 /* Preview Assets.xcassets in Resources */,
				3AE088B12C0A65E1005D8802 /* Wakeup.wav in Resources */,
				3AE088AA2C0A65E1005D8802 /* atmosphere-1.ahap in Resources */,
				3AE088B22C0A65E1005D8802 /* Success1.wav in Resources */,
				3AE088B32C0A65E1005D8802 /* musical-tap-3.ahap in Resources */,
				3AE088B02C0A65E1005D8802 /* musical-tap-3.wav in Resources */,
				3AE088AB2C0A65E1005D8802 /* atmosphere-1.wav in Resources */,
				3AE088972C0A65C0005D8802 /* Assets.xcassets in Resources */,
			);
			runOnlyForDeploymentPostprocessing = 0;
		};
/* End PBXResourcesBuildPhase section */

/* Begin PBXSourcesBuildPhase section */
		3AE088892C0A65BE005D8802 /* Sources */ = {
			isa = PBXSourcesBuildPhase;
			buildActionMask = 2147483647;
			files = (
				3ABF6EB82C122244004711CB /* AHAPpySampleApp.swift in Sources */,
				3ABF6EB62C12222A004711CB /* ContentView.swift in Sources */,
			);
			runOnlyForDeploymentPostprocessing = 0;
		};
/* End PBXSourcesBuildPhase section */

/* Begin XCBuildConfiguration section */
		3AE0889B2C0A65C0005D8802 /* Debug */ = {
			isa = XCBuildConfiguration;
			buildSettings = {
				ALWAYS_SEARCH_USER_PATHS = NO;
				ASSETCATALOG_COMPILER_GENERATE_SWIFT_ASSET_SYMBOL_EXTENSIONS = YES;
				CLANG_ANALYZER_NONNULL = YES;
				CLANG_ANALYZER_NUMBER_OBJECT_CONVERSION = YES_AGGRESSIVE;
				CLANG_CXX_LANGUAGE_STANDARD = "gnu++20";
				CLANG_ENABLE_MODULES = YES;
				CLANG_ENABLE_OBJC_ARC = YES;
				CLANG_ENABLE_OBJC_WEAK = YES;
				CLANG_WARN_BLOCK_CAPTURE_AUTORELEASING = YES;
				CLANG_WARN_BOOL_CONVERSION = YES;
				CLANG_WARN_COMMA = YES;
				CLANG_WARN_CONSTANT_CONVERSION = YES;
				CLANG_WARN_DEPRECATED_OBJC_IMPLEMENTATIONS = YES;
				CLANG_WARN_DIRECT_OBJC_ISA_USAGE = YES_ERROR;
				CLANG_WARN_DOCUMENTATION_COMMENTS = YES;
				CLANG_WARN_EMPTY_BODY = YES;
				CLANG_WARN_ENUM_CONVERSION = YES;
				CLANG_WARN_INFINITE_RECURSION = YES;
				CLANG_WARN_INT_CONVERSION = YES;
				CLANG_WARN_NON_LITERAL_NULL_CONVERSION = YES;
				CLANG_WARN_OBJC_IMPLICIT_RETAIN_SELF = YES;
				CLANG_WARN_OBJC_LITERAL_CONVERSION = YES;
				CLANG_WARN_OBJC_ROOT_CLASS = YES_ERROR;
				CLANG_WARN_QUOTED_INCLUDE_IN_FRAMEWORK_HEADER = YES;
				CLANG_WARN_RANGE_LOOP_ANALYSIS = YES;
				CLANG_WARN_STRICT_PROTOTYPES = YES;
				CLANG_WARN_SUSPICIOUS_MOVE = YES;
				CLANG_WARN_UNGUARDED_AVAILABILITY = YES_AGGRESSIVE;
				CLANG_WARN_UNREACHABLE_CODE = YES;
				CLANG_WARN__DUPLICATE_METHOD_MATCH = YES;
				COPY_PHASE_STRIP = NO;
				DEBUG_INFORMATION_FORMAT = dwarf;
				ENABLE_STRICT_OBJC_MSGSEND = YES;
				ENABLE_TESTABILITY = YES;
				ENABLE_USER_SCRIPT_SANDBOXING = YES;
				GCC_C_LANGUAGE_STANDARD = gnu17;
				GCC_DYNAMIC_NO_PIC = NO;
				GCC_NO_COMMON_BLOCKS = YES;
				GCC_OPTIMIZATION_LEVEL = 0;
				GCC_PREPROCESSOR_DEFINITIONS = (
					"DEBUG=1",
					"$(inherited)",
				);
				GCC_WARN_64_TO_32_BIT_CONVERSION = YES;
				GCC_WARN_ABOUT_RETURN_TYPE = YES_ERROR;
				GCC_WARN_UNDECLARED_SELECTOR = YES;
				GCC_WARN_UNINITIALIZED_AUTOS = YES_AGGRESSIVE;
				GCC_WARN_UNUSED_FUNCTION = YES;
				GCC_WARN_UNUSED_VARIABLE = YES;
				IPHONEOS_DEPLOYMENT_TARGET = 17.0;
				LOCALIZATION_PREFERS_STRING_CATALOGS = YES;
				MTL_ENABLE_DEBUG_INFO = INCLUDE_SOURCE;
				MTL_FAST_MATH = YES;
				ONLY_ACTIVE_ARCH = YES;
				SDKROOT = iphoneos;
				SWIFT_ACTIVE_COMPILATION_CONDITIONS = "DEBUG $(inherited)";
				SWIFT_OPTIMIZATION_LEVEL = "-Onone";
			};
			name = Debug;
		};
		3AE0889C2C0A65C0005D8802 /* Release */ = {
			isa = XCBuildConfiguration;
			buildSettings = {
				ALWAYS_SEARCH_USER_PATHS = NO;
				ASSETCATALOG_COMPILER_GENERATE_SWIFT_ASSET_SYMBOL_EXTENSIONS = YES;
				CLANG_ANALYZER_NONNULL = YES;
				CLANG_ANALYZER_NUMBER_OBJECT_CONVERSION = YES_AGGRESSIVE;
				CLANG_CXX_LANGUAGE_STANDARD = "gnu++20";
				CLANG_ENABLE_MODULES = YES;
				CLANG_ENABLE_OBJC_ARC = YES;
				CLANG_ENABLE_OBJC_WEAK = YES;
				CLANG_WARN_BLOCK_CAPTURE_AUTORELEASING = YES;
				CLANG_WARN_BOOL_CONVERSION = YES;
				CLANG_WARN_COMMA = YES;
				CLANG_WARN_CONSTANT_CONVERSION = YES;
				CLANG_WARN_DEPRECATED_OBJC_IMPLEMENTATIONS = YES;
				CLANG_WARN_DIRECT_OBJC_ISA_USAGE = YES_ERROR;
				CLANG_WARN_DOCUMENTATION_COMMENTS = YES;
				CLANG_WARN_EMPTY_BODY = YES;
				CLANG_WARN_ENUM_CONVERSION = YES;
				CLANG_WARN_INFINITE_RECURSION = YES;
				CLANG_WARN_INT_CONVERSION = YES;
				CLANG_WARN_NON_LITERAL_NULL_CONVERSION = YES;
				CLANG_WARN_OBJC_IMPLICIT_RETAIN_SELF = YES;
				CLANG_WARN_OBJC_LITERAL_CONVERSION = YES;
				CLANG_WARN_OBJC_ROOT_CLASS = YES_ERROR;
				CLANG_WARN_QUOTED_INCLUDE_IN_FRAMEWORK_HEADER = YES;
				CLANG_WARN_RANGE_LOOP_ANALYSIS = YES;
				CLANG_WARN_STRICT_PROTOTYPES = YES;
				CLANG_WARN_SUSPICIOUS_MOVE = YES;
				CLANG_WARN_UNGUARDED_AVAILABILITY = YES_AGGRESSIVE;
				CLANG_WARN_UNREACHABLE_CODE = YES;
				CLANG_WARN__DUPLICATE_METHOD_MATCH = YES;
				COPY_PHASE_STRIP = NO;
				DEBUG_INFORMATION_FORMAT = "dwarf-with-dsym";
				ENABLE_NS_ASSERTIONS = NO;
				ENABLE_STRICT_OBJC_MSGSEND = YES;
				ENABLE_USER_SCRIPT_SANDBOXING = YES;
				GCC_C_LANGUAGE_STANDARD = gnu17;
				GCC_NO_COMMON_BLOCKS = YES;
				GCC_WARN_64_TO_32_BIT_CONVERSION = YES;
				GCC_WARN_ABOUT_RETURN_TYPE = YES_ERROR;
				GCC_WARN_UNDECLARED_SELECTOR = YES;
				GCC_WARN_UNINITIALIZED_AUTOS = YES_AGGRESSIVE;
				GCC_WARN_UNUSED_FUNCTION = YES;
				GCC_WARN_UNUSED_VARIABLE = YES;
				IPHONEOS_DEPLOYMENT_TARGET = 17.0;
				LOCALIZATION_PREFERS_STRING_CATALOGS = YES;
				MTL_ENABLE_DEBUG_INFO = NO;
				MTL_FAST_MATH = YES;
				SDKROOT = iphoneos;
				SWIFT_COMPILATION_MODE = wholemodule;
				VALIDATE_PRODUCT = YES;
			};
			name = Release;
		};
		3AE0889E2C0A65C0005D8802 /* Debug */ = {
			isa = XCBuildConfiguration;
			buildSettings = {
				ASSETCATALOG_COMPILER_APPICON_NAME = AppIcon;
				ASSETCATALOG_COMPILER_GLOBAL_ACCENT_COLOR_NAME = AccentColor;
				CODE_SIGN_STYLE = Automatic;
				CURRENT_PROJECT_VERSION = 1;
				DEVELOPMENT_ASSET_PATHS = "\"AHAPpySample/Preview Content\"";
				DEVELOPMENT_TEAM = BHJSDBBPS7;
				ENABLE_PREVIEWS = YES;
				GENERATE_INFOPLIST_FILE = YES;
				INFOPLIST_KEY_UIApplicationSceneManifest_Generation = YES;
				INFOPLIST_KEY_UIApplicationSupportsIndirectInputEvents = YES;
				INFOPLIST_KEY_UILaunchScreen_Generation = YES;
				INFOPLIST_KEY_UISupportedInterfaceOrientations_iPad = "UIInterfaceOrientationPortrait UIInterfaceOrientationPortraitUpsideDown UIInterfaceOrientationLandscapeLeft UIInterfaceOrientationLandscapeRight";
				INFOPLIST_KEY_UISupportedInterfaceOrientations_iPhone = "UIInterfaceOrientationPortrait UIInterfaceOrientationLandscapeLeft UIInterfaceOrientationLandscapeRight";
				LD_RUNPATH_SEARCH_PATHS = (
					"$(inherited)",
					"@executable_path/Frameworks",
				);
				MARKETING_VERSION = 1.0;
				PRODUCT_BUNDLE_IDENTIFIER = samroman.AHAPpySample;
				PRODUCT_NAME = "$(TARGET_NAME)";
				SWIFT_EMIT_LOC_STRINGS = YES;
				SWIFT_VERSION = 5.0;
				TARGETED_DEVICE_FAMILY = "1,2";
			};
			name = Debug;
		};
		3AE0889F2C0A65C0005D8802 /* Release */ = {
			isa = XCBuildConfiguration;
			buildSettings = {
				ASSETCATALOG_COMPILER_APPICON_NAME = AppIcon;
				ASSETCATALOG_COMPILER_GLOBAL_ACCENT_COLOR_NAME = AccentColor;
				CODE_SIGN_STYLE = Automatic;
				CURRENT_PROJECT_VERSION = 1;
				DEVELOPMENT_ASSET_PATHS = "\"AHAPpySample/Preview Content\"";
				DEVELOPMENT_TEAM = BHJSDBBPS7;
				ENABLE_PREVIEWS = YES;
				GENERATE_INFOPLIST_FILE = YES;
				INFOPLIST_KEY_UIApplicationSceneManifest_Generation = YES;
				INFOPLIST_KEY_UIApplicationSupportsIndirectInputEvents = YES;
				INFOPLIST_KEY_UILaunchScreen_Generation = YES;
				INFOPLIST_KEY_UISupportedInterfaceOrientations_iPad = "UIInterfaceOrientationPortrait UIInterfaceOrientationPortraitUpsideDown UIInterfaceOrientationLandscapeLeft UIInterfaceOrientationLandscapeRight";
				INFOPLIST_KEY_UISupportedInterfaceOrientations_iPhone = "UIInterfaceOrientationPortrait UIInterfaceOrientationLandscapeLeft UIInterfaceOrientationLandscapeRight";
				LD_RUNPATH_SEARCH_PATHS = (
					"$(inherited)",
					"@executable_path/Frameworks",
				);
				MARKETING_VERSION = 1.0;
				PRODUCT_BUNDLE_IDENTIFIER = samroman.AHAPpySample;
				PRODUCT_NAME = "$(TARGET_NAME)";
				SWIFT_EMIT_LOC_STRINGS = YES;
				SWIFT_VERSION = 5.0;
				TARGETED_DEVICE_FAMILY = "1,2";
			};
			name = Release;
		};
/* End XCBuildConfiguration section */

/* Begin XCConfigurationList section */
		3AE088882C0A65BE005D8802 /* Build configuration list for PBXProject "AHAPpySample" */ = {
			isa = XCConfigurationList;
			buildConfigurations = (
				3AE0889B2C0A65C0005D8802 /* Debug */,
				3AE0889C2C0A65C0005D8802 /* Release */,
			);
			defaultConfigurationIsVisible = 0;
			defaultConfigurationName = Release;
		};
		3AE0889D2C0A65C0005D8802 /* Build configuration list for PBXNativeTarget "AHAPpySample" */ = {
			isa = XCConfigurationList;
			buildConfigurations = (
				3AE0889E2C0A65C0005D8802 /* Debug */,
				3AE0889F2C0A65C0005D8802 /* Release */,
			);
			defaultConfigurationIsVisible = 0;
			defaultConfigurationName = Release;
		};
/* End XCConfigurationList section */
	};
	rootObject = 3AE088852C0A65BE005D8802 /* Project object */;
}
